
Microsoft Visual Studio Solution File, Format Version 12.00
# Visual Studio Version 17
VisualStudioVersion = 17.8.34525.116
MinimumVisualStudioVersion = 10.0.40219.1
Project("{8BC9CEB8-8B4A-11D0-8D11-00A0C91BC942}") = "LabCGeiHC11_P2", "LabCGeiHC11_P2\LabCGeiHC11_P2.vcxproj", "{430E721A-47C2-4D16-A5D4-B0027E230AA2}"
EndProject
Global
	GlobalSection(SolutionConfigurationPlatforms) = preSolution
		Debug|x64 = Debug|x64
		Debug|x86 = Debug|x86
		Release|x64 = Release|x64
		Release|x86 = Release|x86
	EndGlobalSection
	GlobalSection(ProjectConfigurationPlatforms) = postSolution
		{430E721A-47C2-4D16-A5D4-B0027E230AA2}.Debug|x64.ActiveCfg = Debug|x64
		{430E721A-47C2-4D16-A5D4-B0027E230AA2}.Debug|x64.Build.0 = Debug|x64
		{430E721A-47C2-4D16-A5D4-B0027E230AA2}.Debug|x86.ActiveCfg = Debug|Win32
		{430E721A-47C2-4D16-A5D4-B0027E230AA2}.Debug|x86.Build.0 = Debug|Win32
		{430E721A-47C2-4D16-A5D4-B0027E230AA2}.Release|x64.ActiveCfg = Release|x64
		{430E721A-47C2-4D16-A5D4-B0027E230AA2}.Release|x64.Build.0 = Release|x64
		{430E721A-47C2-4D16-A5D4-B0027E230AA2}.Release|x86.ActiveCfg = Release|Win32
		{430E721A-47C2-4D16-A5D4-B0027E230AA2}.Release|x86.Build.0 = Release|Win32
	EndGlobalSection
	GlobalSection(SolutionProperties) = preSolution
		HideSolutionNode = FALSE
	EndGlobalSection
	GlobalSection(ExtensibilityGlobals) = postSolution
		SolutionGuid = {54B3231A-A09D-4F73-BE4E-E1CB3D75F65E}
	EndGlobalSection
EndGlobal
